
Microsoft Visual Studio Solution File, Format Version 12.00
# Visual Studio 15
Project("{FAE04EC0-301F-11D3-BF4B-00C04F79EFBC}") = "MilkMatch", "MilkMatch\MilkMatch.csproj", "{DB9D31DF-8B45-4F89-96B9-BF00DCF75E61}"
EndProject
Global
	GlobalSection(SolutionConfigurationPlatforms) = preSolution
		Debug|Any CPU = Debug|Any CPU
		Release|Any CPU = Release|Any CPU
	EndGlobalSection
	GlobalSection(ProjectConfigurationPlatforms) = postSolution
		{DB9D31DF-8B45-4F89-96B9-BF00DCF75E61}.Debug|Any CPU.ActiveCfg = Debug|Any CPU
		{DB9D31DF-8B45-4F89-96B9-BF00DCF75E61}.Debug|Any CPU.Build.0 = Debug|Any CPU
		{DB9D31DF-8B45-4F89-96B9-BF00DCF75E61}.Release|Any CPU.ActiveCfg = Release|Any CPU
		{DB9D31DF-8B45-4F89-96B9-BF00DCF75E61}.Release|Any CPU.Build.0 = Release|Any CPU
	EndGlobalSection
EndGlobal
